
Microsoft Visual Studio Solution File, Format Version 12.00
# Visual Studio 15
Project("{FAE04EC0-301F-11D3-BF4B-00C04F79EFBC}") = "PracticaFinal", "PracticaFinal\PracticaFinal.csproj", "{6DFABA7F-26FF-4172-A7F1-E28BC91A9B9E}"
EndProject
Project("{FAE04EC0-301F-11D3-BF4B-00C04F79EFBC}") = "PracticaFinal.Tests", "PracticaFinal.Tests\PracticaFinal.Tests.csproj", "{83A7ACB6-8E32-40B2-849D-70F82E685FF4}"
EndProject
Global
	GlobalSection(SolutionConfigurationPlatforms) = preSolution
		Debug|Any CPU = Debug|Any CPU
		Release|Any CPU = Release|Any CPU
	EndGlobalSection
	GlobalSection(ProjectConfigurationPlatforms) = postSolution
		{6DFABA7F-26FF-4172-A7F1-E28BC91A9B9E}.Debug|Any CPU.ActiveCfg = Debug|Any CPU
		{6DFABA7F-26FF-4172-A7F1-E28BC91A9B9E}.Debug|Any CPU.Build.0 = Debug|Any CPU
		{6DFABA7F-26FF-4172-A7F1-E28BC91A9B9E}.Release|Any CPU.ActiveCfg = Release|Any CPU
		{6DFABA7F-26FF-4172-A7F1-E28BC91A9B9E}.Release|Any CPU.Build.0 = Release|Any CPU
		{83A7ACB6-8E32-40B2-849D-70F82E685FF4}.Debug|Any CPU.ActiveCfg = Debug|Any CPU
		{83A7ACB6-8E32-40B2-849D-70F82E685FF4}.Debug|Any CPU.Build.0 = Debug|Any CPU
		{83A7ACB6-8E32-40B2-849D-70F82E685FF4}.Release|Any CPU.ActiveCfg = Release|Any CPU
		{83A7ACB6-8E32-40B2-849D-70F82E685FF4}.Release|Any CPU.Build.0 = Release|Any CPU
	EndGlobalSection
EndGlobal
